
Microsoft Visual Studio Solution File, Format Version 12.00
# Visual Studio 14
VisualStudioVersion = 14.0.25420.1
MinimumVisualStudioVersion = 10.0.40219.1
Project("{FAE04EC0-301F-11D3-BF4B-00C04F79EFBC}") = "FileWorker", "FileWorker\FileWorker.csproj", "{73048545-83EA-42B1-BD11-B2F5B3AB942A}"
EndProject
Project("{FAE04EC0-301F-11D3-BF4B-00C04F79EFBC}") = "SearchProvider", "SearchProvider\SearchProvider.csproj", "{C78BF726-52F7-48E6-AF66-16D281F01447}"
EndProject
Global
	GlobalSection(SolutionConfigurationPlatforms) = preSolution
		Debug|Any CPU = Debug|Any CPU
		Release|Any CPU = Release|Any CPU
	EndGlobalSection
	GlobalSection(ProjectConfigurationPlatforms) = postSolution
		{73048545-83EA-42B1-BD11-B2F5B3AB942A}.Debug|Any CPU.ActiveCfg = Debug|Any CPU
		{73048545-83EA-42B1-BD11-B2F5B3AB942A}.Debug|Any CPU.Build.0 = Debug|Any CPU
		{73048545-83EA-42B1-BD11-B2F5B3AB942A}.Release|Any CPU.ActiveCfg = Release|Any CPU
		{73048545-83EA-42B1-BD11-B2F5B3AB942A}.Release|Any CPU.Build.0 = Release|Any CPU
		{C78BF726-52F7-48E6-AF66-16D281F01447}.Debug|Any CPU.ActiveCfg = Debug|Any CPU
		{C78BF726-52F7-48E6-AF66-16D281F01447}.Debug|Any CPU.Build.0 = Debug|Any CPU
		{C78BF726-52F7-48E6-AF66-16D281F01447}.Release|Any CPU.ActiveCfg = Release|Any CPU
		{C78BF726-52F7-48E6-AF66-16D281F01447}.Release|Any CPU.Build.0 = Release|Any CPU
	EndGlobalSection
	GlobalSection(SolutionProperties) = preSolution
		HideSolutionNode = FALSE
	EndGlobalSection
EndGlobal
